
Microsoft Visual Studio Solution File, Format Version 12.00
# Visual Studio Version 17
VisualStudioVersion = 17.12.35707.178
MinimumVisualStudioVersion = 10.0.40219.1
Project("{FAE04EC0-301F-11D3-BF4B-00C04F79EFBC}") = "TalentAcquisitionModule", "TalentAcquisitionModule\TalentAcquisitionModule.csproj", "{4F9CB269-38B6-4C7B-9824-0ED6E09869A1}"
EndProject
Project("{FAE04EC0-301F-11D3-BF4B-00C04F79EFBC}") = "DataAccess", "DataAccess\DataAccess.csproj", "{D579F817-4270-4D63-8463-81454E98AE14}"
EndProject
Project("{FAE04EC0-301F-11D3-BF4B-00C04F79EFBC}") = "Models", "Models\Models.csproj", "{508B4A63-99A1-4BDD-991F-1D40E2A05BC7}"
EndProject
Project("{FAE04EC0-301F-11D3-BF4B-00C04F79EFBC}") = "HrBackOffice", "HrBackOffice\HrBackOffice.csproj", "{70DB0BC3-E3DD-4BE4-801C-606394A10399}"
EndProject
Global
	GlobalSection(SolutionConfigurationPlatforms) = preSolution
		Debug|Any CPU = Debug|Any CPU
		Release|Any CPU = Release|Any CPU
	EndGlobalSection
	GlobalSection(ProjectConfigurationPlatforms) = postSolution
		{4F9CB269-38B6-4C7B-9824-0ED6E09869A1}.Debug|Any CPU.ActiveCfg = Debug|Any CPU
		{4F9CB269-38B6-4C7B-9824-0ED6E09869A1}.Debug|Any CPU.Build.0 = Debug|Any CPU
		{4F9CB269-38B6-4C7B-9824-0ED6E09869A1}.Release|Any CPU.ActiveCfg = Release|Any CPU
		{4F9CB269-38B6-4C7B-9824-0ED6E09869A1}.Release|Any CPU.Build.0 = Release|Any CPU
		{D579F817-4270-4D63-8463-81454E98AE14}.Debug|Any CPU.ActiveCfg = Debug|Any CPU
		{D579F817-4270-4D63-8463-81454E98AE14}.Debug|Any CPU.Build.0 = Debug|Any CPU
		{D579F817-4270-4D63-8463-81454E98AE14}.Release|Any CPU.ActiveCfg = Release|Any CPU
		{D579F817-4270-4D63-8463-81454E98AE14}.Release|Any CPU.Build.0 = Release|Any CPU
		{508B4A63-99A1-4BDD-991F-1D40E2A05BC7}.Debug|Any CPU.ActiveCfg = Debug|Any CPU
		{508B4A63-99A1-4BDD-991F-1D40E2A05BC7}.Debug|Any CPU.Build.0 = Debug|Any CPU
		{508B4A63-99A1-4BDD-991F-1D40E2A05BC7}.Release|Any CPU.ActiveCfg = Release|Any CPU
		{508B4A63-99A1-4BDD-991F-1D40E2A05BC7}.Release|Any CPU.Build.0 = Release|Any CPU
		{70DB0BC3-E3DD-4BE4-801C-606394A10399}.Debug|Any CPU.ActiveCfg = Debug|Any CPU
		{70DB0BC3-E3DD-4BE4-801C-606394A10399}.Debug|Any CPU.Build.0 = Debug|Any CPU
		{70DB0BC3-E3DD-4BE4-801C-606394A10399}.Release|Any CPU.ActiveCfg = Release|Any CPU
		{70DB0BC3-E3DD-4BE4-801C-606394A10399}.Release|Any CPU.Build.0 = Release|Any CPU
	EndGlobalSection
	GlobalSection(SolutionProperties) = preSolution
		HideSolutionNode = FALSE
	EndGlobalSection
EndGlobal
